{
  "name": "oj-fontloader",
  "version": "4.0.4",
  "lockfileVersion": 1,
  "requires": true,
  "dependencies": {
    "oj-ajax": {
      "version": "4.0.3",
      "resolved": "http://web01.oj.local:3000/oj-ajax/-/oj-ajax-4.0.3.tgz",
      "integrity": "sha512-wpIJVpgbYv/z6sqhITirXUN2jXq+u+PyXQnxTHcXcjXqhLi+99v1KxHySdw3JHR6w+9GEfRM2wylUtR9vDCg6Q=="
    },
    "oj-event": {
      "version": "4.0.3",
      "resolved": "http://web01.oj.local:3000/oj-event/-/oj-event-4.0.3.tgz",
      "integrity": "sha512-Tj0JXTyn5Vn9h+LmXfaTH1i5/E84srfIQKhrs31s5z5tJlmNsVKCMbOIIF5aLIZLJLFhN1E822//Oa6LsXM5aA=="
    }
  }
}
