{
  "name": "oj-fontloader",
  "version": "1.0.2",
  "lockfileVersion": 1,
  "requires": true,
  "dependencies": {
    "oj-ajax": {
      "version": "1.0.2",
      "resolved": "https://registry.npmjs.org/oj-ajax/-/oj-ajax-1.0.2.tgz",
      "integrity": "sha512-43PH6mVUKYEvdi2kEhjIeT3kfXkHV0+UEefesHwQlNnJKuORV+TFpkLHXsPsPgwSCx4SBFncIvndEDXaIbVu4g=="
    },
    "oj-event": {
      "version": "1.0.2",
      "resolved": "https://registry.npmjs.org/oj-event/-/oj-event-1.0.2.tgz",
      "integrity": "sha512-FOCPwrM0HjXxpXNpxp3TrKU6t+5vBMQn9PvPDPz8UfSS7lcMeXzoGsrPrfYKsX+hh2/1bPVT2PrhJK0adxA93A=="
    }
  }
}
