{
  "name": "oj-fontloader",
  "version": "1.0.1",
  "lockfileVersion": 1,
  "requires": true,
  "dependencies": {
    "oj-ajax": {
      "version": "1.0.1",
      "resolved": "https://registry.npmjs.org/oj-ajax/-/oj-ajax-1.0.1.tgz",
      "integrity": "sha512-AjKnq7FBM7bOgJnMPhCzHMU8oCe1XaqMVn/ZJ+uKxHpl/I1gja8MaSCcGDgZG82e4eKSZRQC2td4KS449/xFFw=="
    },
    "oj-event": {
      "version": "1.0.1",
      "resolved": "https://registry.npmjs.org/oj-event/-/oj-event-1.0.1.tgz",
      "integrity": "sha512-jMLlviF7C5ykwAWYPEa8Zv2Xni0Rlio6qEbQmFdqeUZbELljz9Q6VPdxy4tJSTJJyNvghcQW/wZNiOE+Ho/3uw=="
    }
  }
}
